{
  "name": "btn-example",
  "lockfileVersion": 3,
  "requires": true,
  "packages": {
    "": {
      "dependencies": {
        "treeify": "^1.1.0"
      },
      "devDependencies": {
        "treeify-js": "^1.0.8"
      }
    },
    "node_modules/treeify": {
      "version": "1.1.0",
      "resolved": "https://registry.npmjs.org/treeify/-/treeify-1.1.0.tgz",
      "integrity": "sha512-1m4RA7xVAJrSGrrXGs0L3YTwyvBs2S8PbRHaLZAkFw7JR8oIFwYtysxlBZhYIa7xSyiYJKZ3iGrrk55cGA3i9A==",
      "engines": {
        "node": ">=0.6"
      }
    },
    "node_modules/treeify-js": {
      "version": "1.0.8",
      "resolved": "https://registry.npmjs.org/treeify-js/-/treeify-js-1.0.8.tgz",
      "integrity": "sha512-DaR78fhLkuWy3GCimxCL8fi9ZsF43ahrVHl0MtPpxdqwpHIDhTQd/1Iai7yYP+2lVYSWEyGZyNeXiEdRxxD3iw==",
      "dev": true
    }
  }
}
